
Microsoft Visual Studio Solution File, Format Version 12.00
# Visual Studio Version 17
VisualStudioVersion = 17.8.34330.188
MinimumVisualStudioVersion = 10.0.40219.1
Project("{FAE04EC0-301F-11D3-BF4B-00C04F79EFBC}") = "Assignment07", "Assignment07\Assignment07.csproj", "{625A5900-CCA6-469A-99C9-869F1EFE6228}"
EndProject
Project("{FAE04EC0-301F-11D3-BF4B-00C04F79EFBC}") = "Demo", "Demo\Demo.csproj", "{734060D5-75C9-45A4-A249-9118CDFBF8F4}"
EndProject
Global
	GlobalSection(SolutionConfigurationPlatforms) = preSolution
		Debug|Any CPU = Debug|Any CPU
		Release|Any CPU = Release|Any CPU
	EndGlobalSection
	GlobalSection(ProjectConfigurationPlatforms) = postSolution
		{625A5900-CCA6-469A-99C9-869F1EFE6228}.Debug|Any CPU.ActiveCfg = Debug|Any CPU
		{625A5900-CCA6-469A-99C9-869F1EFE6228}.Debug|Any CPU.Build.0 = Debug|Any CPU
		{625A5900-CCA6-469A-99C9-869F1EFE6228}.Release|Any CPU.ActiveCfg = Release|Any CPU
		{625A5900-CCA6-469A-99C9-869F1EFE6228}.Release|Any CPU.Build.0 = Release|Any CPU
		{734060D5-75C9-45A4-A249-9118CDFBF8F4}.Debug|Any CPU.ActiveCfg = Debug|Any CPU
		{734060D5-75C9-45A4-A249-9118CDFBF8F4}.Debug|Any CPU.Build.0 = Debug|Any CPU
		{734060D5-75C9-45A4-A249-9118CDFBF8F4}.Release|Any CPU.ActiveCfg = Release|Any CPU
		{734060D5-75C9-45A4-A249-9118CDFBF8F4}.Release|Any CPU.Build.0 = Release|Any CPU
	EndGlobalSection
	GlobalSection(SolutionProperties) = preSolution
		HideSolutionNode = FALSE
	EndGlobalSection
	GlobalSection(ExtensibilityGlobals) = postSolution
		SolutionGuid = {ED6A697F-836E-42BD-AE34-C9680D3DC1C9}
	EndGlobalSection
EndGlobal
